
Microsoft Visual Studio Solution File, Format Version 12.00
# Visual Studio 14
VisualStudioVersion = 14.0.25420.1
MinimumVisualStudioVersion = 10.0.40219.1
Project("{FAE04EC0-301F-11D3-BF4B-00C04F79EFBC}") = "UTSampleCode", "UTSampleCode\UTSampleCode.csproj", "{936C48C1-5454-4B47-8AEB-B365322343D5}"
EndProject
Project("{FAE04EC0-301F-11D3-BF4B-00C04F79EFBC}") = "UTSampleCodeTest", "UTSampleCodeTest\UTSampleCodeTest.csproj", "{4E970F59-6D44-4FCD-A802-91D3C7B19555}"
EndProject
Global
	GlobalSection(SolutionConfigurationPlatforms) = preSolution
		Debug|Any CPU = Debug|Any CPU
		Release|Any CPU = Release|Any CPU
	EndGlobalSection
	GlobalSection(ProjectConfigurationPlatforms) = postSolution
		{936C48C1-5454-4B47-8AEB-B365322343D5}.Debug|Any CPU.ActiveCfg = Debug|Any CPU
		{936C48C1-5454-4B47-8AEB-B365322343D5}.Debug|Any CPU.Build.0 = Debug|Any CPU
		{936C48C1-5454-4B47-8AEB-B365322343D5}.Release|Any CPU.ActiveCfg = Release|Any CPU
		{936C48C1-5454-4B47-8AEB-B365322343D5}.Release|Any CPU.Build.0 = Release|Any CPU
		{4E970F59-6D44-4FCD-A802-91D3C7B19555}.Debug|Any CPU.ActiveCfg = Debug|Any CPU
		{4E970F59-6D44-4FCD-A802-91D3C7B19555}.Debug|Any CPU.Build.0 = Debug|Any CPU
		{4E970F59-6D44-4FCD-A802-91D3C7B19555}.Release|Any CPU.ActiveCfg = Release|Any CPU
		{4E970F59-6D44-4FCD-A802-91D3C7B19555}.Release|Any CPU.Build.0 = Release|Any CPU
	EndGlobalSection
	GlobalSection(SolutionProperties) = preSolution
		HideSolutionNode = FALSE
	EndGlobalSection
EndGlobal
